
Microsoft Visual Studio Solution File, Format Version 12.00
# Visual Studio 15
VisualStudioVersion = 15.0.26730.16
MinimumVisualStudioVersion = 10.0.40219.1
Project("{FAE04EC0-301F-11D3-BF4B-00C04F79EFBC}") = "Selenium", "Selenium\Selenium.csproj", "{70F78F61-B651-4B7D-8719-A2D7CEB79F89}"
EndProject
Global
	GlobalSection(SolutionConfigurationPlatforms) = preSolution
		Debug|Any CPU = Debug|Any CPU
		Release|Any CPU = Release|Any CPU
	EndGlobalSection
	GlobalSection(ProjectConfigurationPlatforms) = postSolution
		{70F78F61-B651-4B7D-8719-A2D7CEB79F89}.Debug|Any CPU.ActiveCfg = Debug|Any CPU
		{70F78F61-B651-4B7D-8719-A2D7CEB79F89}.Debug|Any CPU.Build.0 = Debug|Any CPU
		{70F78F61-B651-4B7D-8719-A2D7CEB79F89}.Release|Any CPU.ActiveCfg = Release|Any CPU
		{70F78F61-B651-4B7D-8719-A2D7CEB79F89}.Release|Any CPU.Build.0 = Release|Any CPU
	EndGlobalSection
	GlobalSection(SolutionProperties) = preSolution
		HideSolutionNode = FALSE
	EndGlobalSection
	GlobalSection(ExtensibilityGlobals) = postSolution
		SolutionGuid = {4CC4D068-1458-4F53-B4E1-E0CF7CE4AA88}
	EndGlobalSection
EndGlobal
